// !$*UTF8*$!
{
	archiveVersion = 1;
	classes = {
	};
	objectVersion = 56;
	objects = {

/* Begin PBXBuildFile section */
		99245F1A2C16F50D0023A63E /* AppDelegate.swift in Sources */ = {isa = PBXBuildFile; fileRef = 99245F192C16F50D0023A63E /* AppDelegate.swift */; };
		99245F1C2C16F50D0023A63E /* SceneDelegate.swift in Sources */ = {isa = PBXBuildFile; fileRef = 99245F1B2C16F50D0023A63E /* SceneDelegate.swift */; };
		99245F232C16F5100023A63E /* Assets.xcassets in Resources */ = {isa = PBXBuildFile; fileRef = 99245F222C16F5100023A63E /* Assets.xcassets */; };
		99245F262C16F5100023A63E /* Base in Resources */ = {isa = PBXBuildFile; fileRef = 99245F252C16F5100023A63E /* Base */; };
		99245F2E2C16F5780023A63E /* MovieViewController.swift in Sources */ = {isa = PBXBuildFile; fileRef = 99245F2D2C16F5780023A63E /* MovieViewController.swift */; };
		99245F312C16FC7F0023A63E /* SnapKit in Frameworks */ = {isa = PBXBuildFile; productRef = 99245F302C16FC7F0023A63E /* SnapKit */; };
		99245F332C16FD820023A63E /* MovieInfoTableViewCell.swift in Sources */ = {isa = PBXBuildFile; fileRef = 99245F322C16FD820023A63E /* MovieInfoTableViewCell.swift */; };
		99245F362C1720C30023A63E /* Alamofire in Frameworks */ = {isa = PBXBuildFile; productRef = 99245F352C1720C30023A63E /* Alamofire */; };
		99245F382C17219E0023A63E /* .gitignore in Resources */ = {isa = PBXBuildFile; fileRef = 99245F372C17219E0023A63E /* .gitignore */; };
		99245F3A2C1721C90023A63E /* APIKey.swift in Sources */ = {isa = PBXBuildFile; fileRef = 99245F392C1721C90023A63E /* APIKey.swift */; };
		99245F3F2C1722DC0023A63E /* MovieData.swift in Sources */ = {isa = PBXBuildFile; fileRef = 99245F3E2C1722DC0023A63E /* MovieData.swift */; };
		99245F422C17253B0023A63E /* Kingfisher in Frameworks */ = {isa = PBXBuildFile; productRef = 99245F412C17253B0023A63E /* Kingfisher */; };
		99245F442C175CF60023A63E /* UILabel+Extension.swift in Sources */ = {isa = PBXBuildFile; fileRef = 99245F432C175CF60023A63E /* UILabel+Extension.swift */; };
		99245F462C17600C0023A63E /* UIImageView+Extension.swift in Sources */ = {isa = PBXBuildFile; fileRef = 99245F452C17600C0023A63E /* UIImageView+Extension.swift */; };
		99245F552C183D640023A63E /* SearchViewController.swift in Sources */ = {isa = PBXBuildFile; fileRef = 99245F542C183D640023A63E /* SearchViewController.swift */; };
		99245F572C183EBE0023A63E /* SearchCollectionViewCell.swift in Sources */ = {isa = PBXBuildFile; fileRef = 99245F562C183EBE0023A63E /* SearchCollectionViewCell.swift */; };
		99245F5A2C1851070023A63E /* SearchData.swift in Sources */ = {isa = PBXBuildFile; fileRef = 99245F592C1851070023A63E /* SearchData.swift */; };
		99245F5D2C18AEFB0023A63E /* MovieDetailViewController.swift in Sources */ = {isa = PBXBuildFile; fileRef = 99245F5C2C18AEFB0023A63E /* MovieDetailViewController.swift */; };
		99245F5F2C18B28F0023A63E /* CastListTableViewCell.swift in Sources */ = {isa = PBXBuildFile; fileRef = 99245F5E2C18B28F0023A63E /* CastListTableViewCell.swift */; };
		99245F6B2C19B4F00023A63E /* MovieDetail.swift in Sources */ = {isa = PBXBuildFile; fileRef = 99245F6A2C19B4F00023A63E /* MovieDetail.swift */; };
		99245F702C19FC080023A63E /* Detail.swift in Sources */ = {isa = PBXBuildFile; fileRef = 99245F6F2C19FC080023A63E /* Detail.swift */; };
		99777B362C2960E500988F3C /* SearchResultDetailViewController.swift in Sources */ = {isa = PBXBuildFile; fileRef = 99777B352C2960E500988F3C /* SearchResultDetailViewController.swift */; };
		99777B382C29633900988F3C /* WhiteTextColorLabel.swift in Sources */ = {isa = PBXBuildFile; fileRef = 99777B372C29633900988F3C /* WhiteTextColorLabel.swift */; };
		99777B3A2C296AA600988F3C /* SearchResultDetailCollectionViewCell.swift in Sources */ = {isa = PBXBuildFile; fileRef = 99777B392C296AA600988F3C /* SearchResultDetailCollectionViewCell.swift */; };
/* End PBXBuildFile section */

/* Begin PBXFileReference section */
		99245F162C16F50D0023A63E /* Media.app */ = {isa = PBXFileReference; explicitFileType = wrapper.application; includeInIndex = 0; path = Media.app; sourceTree = BUILT_PRODUCTS_DIR; };
		99245F192C16F50D0023A63E /* AppDelegate.swift */ = {isa = PBXFileReference; lastKnownFileType = sourcecode.swift; path = AppDelegate.swift; sourceTree = "<group>"; };
		99245F1B2C16F50D0023A63E /* SceneDelegate.swift */ = {isa = PBXFileReference; lastKnownFileType = sourcecode.swift; path = SceneDelegate.swift; sourceTree = "<group>"; };
		99245F222C16F5100023A63E /* Assets.xcassets */ = {isa = PBXFileReference; lastKnownFileType = folder.assetcatalog; path = Assets.xcassets; sourceTree = "<group>"; };
		99245F252C16F5100023A63E /* Base */ = {isa = PBXFileReference; lastKnownFileType = file.storyboard; name = Base; path = Base.lproj/LaunchScreen.storyboard; sourceTree = "<group>"; };
		99245F272C16F5100023A63E /* Info.plist */ = {isa = PBXFileReference; lastKnownFileType = text.plist.xml; path = Info.plist; sourceTree = "<group>"; };
		99245F2D2C16F5780023A63E /* MovieViewController.swift */ = {isa = PBXFileReference; lastKnownFileType = sourcecode.swift; path = MovieViewController.swift; sourceTree = "<group>"; };
		99245F322C16FD820023A63E /* MovieInfoTableViewCell.swift */ = {isa = PBXFileReference; lastKnownFileType = sourcecode.swift; path = MovieInfoTableViewCell.swift; sourceTree = "<group>"; };
		99245F372C17219E0023A63E /* .gitignore */ = {isa = PBXFileReference; lastKnownFileType = text; path = .gitignore; sourceTree = "<group>"; };
		99245F392C1721C90023A63E /* APIKey.swift */ = {isa = PBXFileReference; lastKnownFileType = sourcecode.swift; path = APIKey.swift; sourceTree = "<group>"; };
		99245F3E2C1722DC0023A63E /* MovieData.swift */ = {isa = PBXFileReference; lastKnownFileType = sourcecode.swift; path = MovieData.swift; sourceTree = "<group>"; };
		99245F432C175CF60023A63E /* UILabel+Extension.swift */ = {isa = PBXFileReference; lastKnownFileType = sourcecode.swift; path = "UILabel+Extension.swift"; sourceTree = "<group>"; };
		99245F452C17600C0023A63E /* UIImageView+Extension.swift */ = {isa = PBXFileReference; lastKnownFileType = sourcecode.swift; path = "UIImageView+Extension.swift"; sourceTree = "<group>"; };
		99245F542C183D640023A63E /* SearchViewController.swift */ = {isa = PBXFileReference; lastKnownFileType = sourcecode.swift; path = SearchViewController.swift; sourceTree = "<group>"; };
		99245F562C183EBE0023A63E /* SearchCollectionViewCell.swift */ = {isa = PBXFileReference; lastKnownFileType = sourcecode.swift; path = SearchCollectionViewCell.swift; sourceTree = "<group>"; };
		99245F592C1851070023A63E /* SearchData.swift */ = {isa = PBXFileReference; lastKnownFileType = sourcecode.swift; path = SearchData.swift; sourceTree = "<group>"; };
		99245F5C2C18AEFB0023A63E /* MovieDetailViewController.swift */ = {isa = PBXFileReference; lastKnownFileType = sourcecode.swift; path = MovieDetailViewController.swift; sourceTree = "<group>"; };
		99245F5E2C18B28F0023A63E /* CastListTableViewCell.swift */ = {isa = PBXFileReference; lastKnownFileType = sourcecode.swift; path = CastListTableViewCell.swift; sourceTree = "<group>"; };
		99245F6A2C19B4F00023A63E /* MovieDetail.swift */ = {isa = PBXFileReference; lastKnownFileType = sourcecode.swift; path = MovieDetail.swift; sourceTree = "<group>"; };
		99245F6F2C19FC080023A63E /* Detail.swift */ = {isa = PBXFileReference; lastKnownFileType = sourcecode.swift; path = Detail.swift; sourceTree = "<group>"; };
		99777B352C2960E500988F3C /* SearchResultDetailViewController.swift */ = {isa = PBXFileReference; lastKnownFileType = sourcecode.swift; path = SearchResultDetailViewController.swift; sourceTree = "<group>"; };
		99777B372C29633900988F3C /* WhiteTextColorLabel.swift */ = {isa = PBXFileReference; lastKnownFileType = sourcecode.swift; path = WhiteTextColorLabel.swift; sourceTree = "<group>"; };
		99777B392C296AA600988F3C /* SearchResultDetailCollectionViewCell.swift */ = {isa = PBXFileReference; lastKnownFileType = sourcecode.swift; path = SearchResultDetailCollectionViewCell.swift; sourceTree = "<group>"; };
/* End PBXFileReference section */

/* Begin PBXFrameworksBuildPhase section */
		99245F132C16F50D0023A63E /* Frameworks */ = {
			isa = PBXFrameworksBuildPhase;
			buildActionMask = 2147483647;
			files = (
				99245F422C17253B0023A63E /* Kingfisher in Frameworks */,
				99245F312C16FC7F0023A63E /* SnapKit in Frameworks */,
				99245F362C1720C30023A63E /* Alamofire in Frameworks */,
			);
			runOnlyForDeploymentPostprocessing = 0;
		};
/* End PBXFrameworksBuildPhase section */

/* Begin PBXGroup section */
		99245F0D2C16F50D0023A63E = {
			isa = PBXGroup;
			children = (
				99245F372C17219E0023A63E /* .gitignore */,
				99245F182C16F50D0023A63E /* Media */,
				99245F172C16F50D0023A63E /* Products */,
			);
			sourceTree = "<group>";
		};
		99245F172C16F50D0023A63E /* Products */ = {
			isa = PBXGroup;
			children = (
				99245F162C16F50D0023A63E /* Media.app */,
			);
			name = Products;
			sourceTree = "<group>";
		};
		99245F182C16F50D0023A63E /* Media */ = {
			isa = PBXGroup;
			children = (
				99245F582C1850F30023A63E /* Extension */,
				99245F532C183D410023A63E /* SearchView */,
				99245F522C183D380023A63E /* MainView */,
				99245F3B2C1722C10023A63E /* Model */,
				99245F192C16F50D0023A63E /* AppDelegate.swift */,
				99245F1B2C16F50D0023A63E /* SceneDelegate.swift */,
				99245F222C16F5100023A63E /* Assets.xcassets */,
				99245F242C16F5100023A63E /* LaunchScreen.storyboard */,
				99245F272C16F5100023A63E /* Info.plist */,
				99245F392C1721C90023A63E /* APIKey.swift */,
				99777B372C29633900988F3C /* WhiteTextColorLabel.swift */,
			);
			path = Media;
			sourceTree = "<group>";
		};
		99245F3B2C1722C10023A63E /* Model */ = {
			isa = PBXGroup;
			children = (
				99245F3E2C1722DC0023A63E /* MovieData.swift */,
				99245F592C1851070023A63E /* SearchData.swift */,
				99245F6A2C19B4F00023A63E /* MovieDetail.swift */,
			);
			path = Model;
			sourceTree = "<group>";
		};
		99245F522C183D380023A63E /* MainView */ = {
			isa = PBXGroup;
			children = (
				99245F6E2C19FBF70023A63E /* DetailViewUI */,
				99245F5B2C18AEBF0023A63E /* DetailView */,
				99245F2D2C16F5780023A63E /* MovieViewController.swift */,
				99245F322C16FD820023A63E /* MovieInfoTableViewCell.swift */,
			);
			path = MainView;
			sourceTree = "<group>";
		};
		99245F532C183D410023A63E /* SearchView */ = {
			isa = PBXGroup;
			children = (
				99245F542C183D640023A63E /* SearchViewController.swift */,
				99245F562C183EBE0023A63E /* SearchCollectionViewCell.swift */,
				99777B352C2960E500988F3C /* SearchResultDetailViewController.swift */,
				99777B392C296AA600988F3C /* SearchResultDetailCollectionViewCell.swift */,
			);
			path = SearchView;
			sourceTree = "<group>";
		};
		99245F582C1850F30023A63E /* Extension */ = {
			isa = PBXGroup;
			children = (
				99245F432C175CF60023A63E /* UILabel+Extension.swift */,
				99245F452C17600C0023A63E /* UIImageView+Extension.swift */,
			);
			path = Extension;
			sourceTree = "<group>";
		};
		99245F5B2C18AEBF0023A63E /* DetailView */ = {
			isa = PBXGroup;
			children = (
				99245F5C2C18AEFB0023A63E /* MovieDetailViewController.swift */,
				99245F5E2C18B28F0023A63E /* CastListTableViewCell.swift */,
			);
			path = DetailView;
			sourceTree = "<group>";
		};
		99245F6E2C19FBF70023A63E /* DetailViewUI */ = {
			isa = PBXGroup;
			children = (
				99245F6F2C19FC080023A63E /* Detail.swift */,
			);
			path = DetailViewUI;
			sourceTree = "<group>";
		};
/* End PBXGroup section */

/* Begin PBXNativeTarget section */
		99245F152C16F50D0023A63E /* Media */ = {
			isa = PBXNativeTarget;
			buildConfigurationList = 99245F2A2C16F5100023A63E /* Build configuration list for PBXNativeTarget "Media" */;
			buildPhases = (
				99245F122C16F50D0023A63E /* Sources */,
				99245F132C16F50D0023A63E /* Frameworks */,
				99245F142C16F50D0023A63E /* Resources */,
			);
			buildRules = (
			);
			dependencies = (
			);
			name = Media;
			packageProductDependencies = (
				99245F302C16FC7F0023A63E /* SnapKit */,
				99245F352C1720C30023A63E /* Alamofire */,
				99245F412C17253B0023A63E /* Kingfisher */,
			);
			productName = Media;
			productReference = 99245F162C16F50D0023A63E /* Media.app */;
			productType = "com.apple.product-type.application";
		};
/* End PBXNativeTarget section */

/* Begin PBXProject section */
		99245F0E2C16F50D0023A63E /* Project object */ = {
			isa = PBXProject;
			attributes = {
				BuildIndependentTargetsInParallel = 1;
				LastSwiftUpdateCheck = 1530;
				LastUpgradeCheck = 1530;
				TargetAttributes = {
					99245F152C16F50D0023A63E = {
						CreatedOnToolsVersion = 15.3;
					};
				};
			};
			buildConfigurationList = 99245F112C16F50D0023A63E /* Build configuration list for PBXProject "Media" */;
			compatibilityVersion = "Xcode 14.0";
			developmentRegion = en;
			hasScannedForEncodings = 0;
			knownRegions = (
				en,
				Base,
			);
			mainGroup = 99245F0D2C16F50D0023A63E;
			packageReferences = (
				99245F2F2C16FC7F0023A63E /* XCRemoteSwiftPackageReference "SnapKit" */,
				99245F342C1720C30023A63E /* XCRemoteSwiftPackageReference "Alamofire" */,
				99245F402C17253B0023A63E /* XCRemoteSwiftPackageReference "Kingfisher" */,
			);
			productRefGroup = 99245F172C16F50D0023A63E /* Products */;
			projectDirPath = "";
			projectRoot = "";
			targets = (
				99245F152C16F50D0023A63E /* Media */,
			);
		};
/* End PBXProject section */

/* Begin PBXResourcesBuildPhase section */
		99245F142C16F50D0023A63E /* Resources */ = {
			isa = PBXResourcesBuildPhase;
			buildActionMask = 2147483647;
			files = (
				99245F232C16F5100023A63E /* Assets.xcassets in Resources */,
				99245F382C17219E0023A63E /* .gitignore in Resources */,
				99245F262C16F5100023A63E /* Base in Resources */,
			);
			runOnlyForDeploymentPostprocessing = 0;
		};
/* End PBXResourcesBuildPhase section */

/* Begin PBXSourcesBuildPhase section */
		99245F122C16F50D0023A63E /* Sources */ = {
			isa = PBXSourcesBuildPhase;
			buildActionMask = 2147483647;
			files = (
				99245F442C175CF60023A63E /* UILabel+Extension.swift in Sources */,
				99245F6B2C19B4F00023A63E /* MovieDetail.swift in Sources */,
				99245F332C16FD820023A63E /* MovieInfoTableViewCell.swift in Sources */,
				99245F462C17600C0023A63E /* UIImageView+Extension.swift in Sources */,
				99245F5A2C1851070023A63E /* SearchData.swift in Sources */,
				99245F5D2C18AEFB0023A63E /* MovieDetailViewController.swift in Sources */,
				99245F552C183D640023A63E /* SearchViewController.swift in Sources */,
				99777B382C29633900988F3C /* WhiteTextColorLabel.swift in Sources */,
				99245F572C183EBE0023A63E /* SearchCollectionViewCell.swift in Sources */,
				99777B362C2960E500988F3C /* SearchResultDetailViewController.swift in Sources */,
				99245F1A2C16F50D0023A63E /* AppDelegate.swift in Sources */,
				99245F3F2C1722DC0023A63E /* MovieData.swift in Sources */,
				99777B3A2C296AA600988F3C /* SearchResultDetailCollectionViewCell.swift in Sources */,
				99245F5F2C18B28F0023A63E /* CastListTableViewCell.swift in Sources */,
				99245F702C19FC080023A63E /* Detail.swift in Sources */,
				99245F1C2C16F50D0023A63E /* SceneDelegate.swift in Sources */,
				99245F3A2C1721C90023A63E /* APIKey.swift in Sources */,
				99245F2E2C16F5780023A63E /* MovieViewController.swift in Sources */,
			);
			runOnlyForDeploymentPostprocessing = 0;
		};
/* End PBXSourcesBuildPhase section */

/* Begin PBXVariantGroup section */
		99245F242C16F5100023A63E /* LaunchScreen.storyboard */ = {
			isa = PBXVariantGroup;
			children = (
				99245F252C16F5100023A63E /* Base */,
			);
			name = LaunchScreen.storyboard;
			sourceTree = "<group>";
		};
/* End PBXVariantGroup section */

/* Begin XCBuildConfiguration section */
		99245F282C16F5100023A63E /* Debug */ = {
			isa = XCBuildConfiguration;
			buildSettings = {
				ALWAYS_SEARCH_USER_PATHS = NO;
				ASSETCATALOG_COMPILER_GENERATE_SWIFT_ASSET_SYMBOL_EXTENSIONS = YES;
				CLANG_ANALYZER_NONNULL = YES;
				CLANG_ANALYZER_NUMBER_OBJECT_CONVERSION = YES_AGGRESSIVE;
				CLANG_CXX_LANGUAGE_STANDARD = "gnu++20";
				CLANG_ENABLE_MODULES = YES;
				CLANG_ENABLE_OBJC_ARC = YES;
				CLANG_ENABLE_OBJC_WEAK = YES;
				CLANG_WARN_BLOCK_CAPTURE_AUTORELEASING = YES;
				CLANG_WARN_BOOL_CONVERSION = YES;
				CLANG_WARN_COMMA = YES;
				CLANG_WARN_CONSTANT_CONVERSION = YES;
				CLANG_WARN_DEPRECATED_OBJC_IMPLEMENTATIONS = YES;
				CLANG_WARN_DIRECT_OBJC_ISA_USAGE = YES_ERROR;
				CLANG_WARN_DOCUMENTATION_COMMENTS = YES;
				CLANG_WARN_EMPTY_BODY = YES;
				CLANG_WARN_ENUM_CONVERSION = YES;
				CLANG_WARN_INFINITE_RECURSION = YES;
				CLANG_WARN_INT_CONVERSION = YES;
				CLANG_WARN_NON_LITERAL_NULL_CONVERSION = YES;
				CLANG_WARN_OBJC_IMPLICIT_RETAIN_SELF = YES;
				CLANG_WARN_OBJC_LITERAL_CONVERSION = YES;
				CLANG_WARN_OBJC_ROOT_CLASS = YES_ERROR;
				CLANG_WARN_QUOTED_INCLUDE_IN_FRAMEWORK_HEADER = YES;
				CLANG_WARN_RANGE_LOOP_ANALYSIS = YES;
				CLANG_WARN_STRICT_PROTOTYPES = YES;
				CLANG_WARN_SUSPICIOUS_MOVE = YES;
				CLANG_WARN_UNGUARDED_AVAILABILITY = YES_AGGRESSIVE;
				CLANG_WARN_UNREACHABLE_CODE = YES;
				CLANG_WARN__DUPLICATE_METHOD_MATCH = YES;
				COPY_PHASE_STRIP = NO;
				DEBUG_INFORMATION_FORMAT = dwarf;
				ENABLE_STRICT_OBJC_MSGSEND = YES;
				ENABLE_TESTABILITY = YES;
				ENABLE_USER_SCRIPT_SANDBOXING = YES;
				GCC_C_LANGUAGE_STANDARD = gnu17;
				GCC_DYNAMIC_NO_PIC = NO;
				GCC_NO_COMMON_BLOCKS = YES;
				GCC_OPTIMIZATION_LEVEL = 0;
				GCC_PREPROCESSOR_DEFINITIONS = (
					"DEBUG=1",
					"$(inherited)",
				);
				GCC_WARN_64_TO_32_BIT_CONVERSION = YES;
				GCC_WARN_ABOUT_RETURN_TYPE = YES_ERROR;
				GCC_WARN_UNDECLARED_SELECTOR = YES;
				GCC_WARN_UNINITIALIZED_AUTOS = YES_AGGRESSIVE;
				GCC_WARN_UNUSED_FUNCTION = YES;
				GCC_WARN_UNUSED_VARIABLE = YES;
				IPHONEOS_DEPLOYMENT_TARGET = 17.4;
				LOCALIZATION_PREFERS_STRING_CATALOGS = YES;
				MTL_ENABLE_DEBUG_INFO = INCLUDE_SOURCE;
				MTL_FAST_MATH = YES;
				ONLY_ACTIVE_ARCH = YES;
				SDKROOT = iphoneos;
				SWIFT_ACTIVE_COMPILATION_CONDITIONS = "DEBUG $(inherited)";
				SWIFT_OPTIMIZATION_LEVEL = "-Onone";
			};
			name = Debug;
		};
		99245F292C16F5100023A63E /* Release */ = {
			isa = XCBuildConfiguration;
			buildSettings = {
				ALWAYS_SEARCH_USER_PATHS = NO;
				ASSETCATALOG_COMPILER_GENERATE_SWIFT_ASSET_SYMBOL_EXTENSIONS = YES;
				CLANG_ANALYZER_NONNULL = YES;
				CLANG_ANALYZER_NUMBER_OBJECT_CONVERSION = YES_AGGRESSIVE;
				CLANG_CXX_LANGUAGE_STANDARD = "gnu++20";
				CLANG_ENABLE_MODULES = YES;
				CLANG_ENABLE_OBJC_ARC = YES;
				CLANG_ENABLE_OBJC_WEAK = YES;
				CLANG_WARN_BLOCK_CAPTURE_AUTORELEASING = YES;
				CLANG_WARN_BOOL_CONVERSION = YES;
				CLANG_WARN_COMMA = YES;
				CLANG_WARN_CONSTANT_CONVERSION = YES;
				CLANG_WARN_DEPRECATED_OBJC_IMPLEMENTATIONS = YES;
				CLANG_WARN_DIRECT_OBJC_ISA_USAGE = YES_ERROR;
				CLANG_WARN_DOCUMENTATION_COMMENTS = YES;
				CLANG_WARN_EMPTY_BODY = YES;
				CLANG_WARN_ENUM_CONVERSION = YES;
				CLANG_WARN_INFINITE_RECURSION = YES;
				CLANG_WARN_INT_CONVERSION = YES;
				CLANG_WARN_NON_LITERAL_NULL_CONVERSION = YES;
				CLANG_WARN_OBJC_IMPLICIT_RETAIN_SELF = YES;
				CLANG_WARN_OBJC_LITERAL_CONVERSION = YES;
				CLANG_WARN_OBJC_ROOT_CLASS = YES_ERROR;
				CLANG_WARN_QUOTED_INCLUDE_IN_FRAMEWORK_HEADER = YES;
				CLANG_WARN_RANGE_LOOP_ANALYSIS = YES;
				CLANG_WARN_STRICT_PROTOTYPES = YES;
				CLANG_WARN_SUSPICIOUS_MOVE = YES;
				CLANG_WARN_UNGUARDED_AVAILABILITY = YES_AGGRESSIVE;
				CLANG_WARN_UNREACHABLE_CODE = YES;
				CLANG_WARN__DUPLICATE_METHOD_MATCH = YES;
				COPY_PHASE_STRIP = NO;
				DEBUG_INFORMATION_FORMAT = "dwarf-with-dsym";
				ENABLE_NS_ASSERTIONS = NO;
				ENABLE_STRICT_OBJC_MSGSEND = YES;
				ENABLE_USER_SCRIPT_SANDBOXING = YES;
				GCC_C_LANGUAGE_STANDARD = gnu17;
				GCC_NO_COMMON_BLOCKS = YES;
				GCC_WARN_64_TO_32_BIT_CONVERSION = YES;
				GCC_WARN_ABOUT_RETURN_TYPE = YES_ERROR;
				GCC_WARN_UNDECLARED_SELECTOR = YES;
				GCC_WARN_UNINITIALIZED_AUTOS = YES_AGGRESSIVE;
				GCC_WARN_UNUSED_FUNCTION = YES;
				GCC_WARN_UNUSED_VARIABLE = YES;
				IPHONEOS_DEPLOYMENT_TARGET = 17.4;
				LOCALIZATION_PREFERS_STRING_CATALOGS = YES;
				MTL_ENABLE_DEBUG_INFO = NO;
				MTL_FAST_MATH = YES;
				SDKROOT = iphoneos;
				SWIFT_COMPILATION_MODE = wholemodule;
				VALIDATE_PRODUCT = YES;
			};
			name = Release;
		};
		99245F2B2C16F5100023A63E /* Debug */ = {
			isa = XCBuildConfiguration;
			buildSettings = {
				ASSETCATALOG_COMPILER_APPICON_NAME = AppIcon;
				ASSETCATALOG_COMPILER_GLOBAL_ACCENT_COLOR_NAME = AccentColor;
				CODE_SIGN_STYLE = Automatic;
				CURRENT_PROJECT_VERSION = 1;
				DEVELOPMENT_TEAM = Y2VDXSZQ3M;
				GENERATE_INFOPLIST_FILE = YES;
				INFOPLIST_FILE = Media/Info.plist;
				INFOPLIST_KEY_UIApplicationSupportsIndirectInputEvents = YES;
				INFOPLIST_KEY_UILaunchStoryboardName = LaunchScreen;
				INFOPLIST_KEY_UISupportedInterfaceOrientations = UIInterfaceOrientationPortrait;
				INFOPLIST_KEY_UISupportedInterfaceOrientations_iPad = "UIInterfaceOrientationLandscapeLeft UIInterfaceOrientationLandscapeRight UIInterfaceOrientationPortrait UIInterfaceOrientationPortraitUpsideDown";
				IPHONEOS_DEPLOYMENT_TARGET = 16.0;
				LD_RUNPATH_SEARCH_PATHS = (
					"$(inherited)",
					"@executable_path/Frameworks",
				);
				MARKETING_VERSION = 1.0;
				PRODUCT_BUNDLE_IDENTIFIER = com.yun.Media;
				PRODUCT_NAME = "$(TARGET_NAME)";
				SUPPORTED_PLATFORMS = "iphoneos iphonesimulator";
				SUPPORTS_MACCATALYST = NO;
				SUPPORTS_MAC_DESIGNED_FOR_IPHONE_IPAD = NO;
				SUPPORTS_XR_DESIGNED_FOR_IPHONE_IPAD = NO;
				SWIFT_EMIT_LOC_STRINGS = YES;
				SWIFT_VERSION = 5.0;
				TARGETED_DEVICE_FAMILY = 1;
			};
			name = Debug;
		};
		99245F2C2C16F5100023A63E /* Release */ = {
			isa = XCBuildConfiguration;
			buildSettings = {
				ASSETCATALOG_COMPILER_APPICON_NAME = AppIcon;
				ASSETCATALOG_COMPILER_GLOBAL_ACCENT_COLOR_NAME = AccentColor;
				CODE_SIGN_STYLE = Automatic;
				CURRENT_PROJECT_VERSION = 1;
				DEVELOPMENT_TEAM = Y2VDXSZQ3M;
				GENERATE_INFOPLIST_FILE = YES;
				INFOPLIST_FILE = Media/Info.plist;
				INFOPLIST_KEY_UIApplicationSupportsIndirectInputEvents = YES;
				INFOPLIST_KEY_UILaunchStoryboardName = LaunchScreen;
				INFOPLIST_KEY_UISupportedInterfaceOrientations = UIInterfaceOrientationPortrait;
				INFOPLIST_KEY_UISupportedInterfaceOrientations_iPad = "UIInterfaceOrientationLandscapeLeft UIInterfaceOrientationLandscapeRight UIInterfaceOrientationPortrait UIInterfaceOrientationPortraitUpsideDown";
				IPHONEOS_DEPLOYMENT_TARGET = 16.0;
				LD_RUNPATH_SEARCH_PATHS = (
					"$(inherited)",
					"@executable_path/Frameworks",
				);
				MARKETING_VERSION = 1.0;
				PRODUCT_BUNDLE_IDENTIFIER = com.yun.Media;
				PRODUCT_NAME = "$(TARGET_NAME)";
				SUPPORTED_PLATFORMS = "iphoneos iphonesimulator";
				SUPPORTS_MACCATALYST = NO;
				SUPPORTS_MAC_DESIGNED_FOR_IPHONE_IPAD = NO;
				SUPPORTS_XR_DESIGNED_FOR_IPHONE_IPAD = NO;
				SWIFT_EMIT_LOC_STRINGS = YES;
				SWIFT_VERSION = 5.0;
				TARGETED_DEVICE_FAMILY = 1;
			};
			name = Release;
		};
/* End XCBuildConfiguration section */

/* Begin XCConfigurationList section */
		99245F112C16F50D0023A63E /* Build configuration list for PBXProject "Media" */ = {
			isa = XCConfigurationList;
			buildConfigurations = (
				99245F282C16F5100023A63E /* Debug */,
				99245F292C16F5100023A63E /* Release */,
			);
			defaultConfigurationIsVisible = 0;
			defaultConfigurationName = Release;
		};
		99245F2A2C16F5100023A63E /* Build configuration list for PBXNativeTarget "Media" */ = {
			isa = XCConfigurationList;
			buildConfigurations = (
				99245F2B2C16F5100023A63E /* Debug */,
				99245F2C2C16F5100023A63E /* Release */,
			);
			defaultConfigurationIsVisible = 0;
			defaultConfigurationName = Release;
		};
/* End XCConfigurationList section */

/* Begin XCRemoteSwiftPackageReference section */
		99245F2F2C16FC7F0023A63E /* XCRemoteSwiftPackageReference "SnapKit" */ = {
			isa = XCRemoteSwiftPackageReference;
			repositoryURL = "https://github.com/SnapKit/SnapKit.git";
			requirement = {
				kind = upToNextMajorVersion;
				minimumVersion = 5.7.1;
			};
		};
		99245F342C1720C30023A63E /* XCRemoteSwiftPackageReference "Alamofire" */ = {
			isa = XCRemoteSwiftPackageReference;
			repositoryURL = "https://github.com/Alamofire/Alamofire.git";
			requirement = {
				kind = upToNextMajorVersion;
				minimumVersion = 5.9.1;
			};
		};
		99245F402C17253B0023A63E /* XCRemoteSwiftPackageReference "Kingfisher" */ = {
			isa = XCRemoteSwiftPackageReference;
			repositoryURL = "https://github.com/onevcat/Kingfisher.git";
			requirement = {
				kind = upToNextMajorVersion;
				minimumVersion = 7.11.0;
			};
		};
/* End XCRemoteSwiftPackageReference section */

/* Begin XCSwiftPackageProductDependency section */
		99245F302C16FC7F0023A63E /* SnapKit */ = {
			isa = XCSwiftPackageProductDependency;
			package = 99245F2F2C16FC7F0023A63E /* XCRemoteSwiftPackageReference "SnapKit" */;
			productName = SnapKit;
		};
		99245F352C1720C30023A63E /* Alamofire */ = {
			isa = XCSwiftPackageProductDependency;
			package = 99245F342C1720C30023A63E /* XCRemoteSwiftPackageReference "Alamofire" */;
			productName = Alamofire;
		};
		99245F412C17253B0023A63E /* Kingfisher */ = {
			isa = XCSwiftPackageProductDependency;
			package = 99245F402C17253B0023A63E /* XCRemoteSwiftPackageReference "Kingfisher" */;
			productName = Kingfisher;
		};
/* End XCSwiftPackageProductDependency section */
	};
	rootObject = 99245F0E2C16F50D0023A63E /* Project object */;
}
